// !$*UTF8*$!
{
	archiveVersion = 1;
	classes = {
	};
	objectVersion = 56;
	objects = {

/* Begin PBXBuildFile section */
		7D67A2732C1046AC00D74830 /* SwiftDemosApp.swift in Sources */ = {isa = PBXBuildFile; fileRef = 7D67A2722C1046AC00D74830 /* SwiftDemosApp.swift */; };
		7D67A2752C1046AC00D74830 /* ContentView.swift in Sources */ = {isa = PBXBuildFile; fileRef = 7D67A2742C1046AC00D74830 /* ContentView.swift */; };
		7D67A2772C1046AD00D74830 /* Assets.xcassets in Resources */ = {isa = PBXBuildFile; fileRef = 7D67A2762C1046AD00D74830 /* Assets.xcassets */; };
		7D67A27A2C1046AD00D74830 /* Preview Assets.xcassets in Resources */ = {isa = PBXBuildFile; fileRef = 7D67A2792C1046AD00D74830 /* Preview Assets.xcassets */; };
		7D67A2842C1046AE00D74830 /* SwiftDemosTests.swift in Sources */ = {isa = PBXBuildFile; fileRef = 7D67A2832C1046AE00D74830 /* SwiftDemosTests.swift */; };
		7D67A2A22C104BED00D74830 /* Dependencies in Frameworks */ = {isa = PBXBuildFile; productRef = 7D67A2A12C104BED00D74830 /* Dependencies */; };
		7D67A2A42C104BED00D74830 /* DependenciesMacros in Frameworks */ = {isa = PBXBuildFile; productRef = 7D67A2A32C104BED00D74830 /* DependenciesMacros */; };
		7D67A2AB2C106CAB00D74830 /* LayoutBehavior.swift in Sources */ = {isa = PBXBuildFile; fileRef = 7D67A2AA2C106CAB00D74830 /* LayoutBehavior.swift */; };
		7D67A2AD2C1090AD00D74830 /* LazyVStack.swift in Sources */ = {isa = PBXBuildFile; fileRef = 7D67A2AC2C1090AD00D74830 /* LazyVStack.swift */; };
		7DC4DD4B2C1091A400B90328 /* HeaderView.swift in Sources */ = {isa = PBXBuildFile; fileRef = 7DC4DD4A2C1091A400B90328 /* HeaderView.swift */; };
		7DC4DD502C10B6FF00B90328 /* BooksView.swift in Sources */ = {isa = PBXBuildFile; fileRef = 7DC4DD4F2C10B6FF00B90328 /* BooksView.swift */; };
		7DC4DD522C10B74F00B90328 /* BooksOO.swift in Sources */ = {isa = PBXBuildFile; fileRef = 7DC4DD512C10B74F00B90328 /* BooksOO.swift */; };
		7DC4DD552C10B7BD00B90328 /* BooksDO.swift in Sources */ = {isa = PBXBuildFile; fileRef = 7DC4DD542C10B7BD00B90328 /* BooksDO.swift */; };
		7DC4DD582C10BC8700B90328 /* FourCharacters.swift in Sources */ = {isa = PBXBuildFile; fileRef = 7DC4DD572C10BC8700B90328 /* FourCharacters.swift */; };
		7DC4DDD82C197A8D00B90328 /* AnimateSFSymbols.swift in Sources */ = {isa = PBXBuildFile; fileRef = 7DC4DDD72C197A8D00B90328 /* AnimateSFSymbols.swift */; };
		7DC4DDE32C1C36C200B90328 /* NavigationStack_Demo.swift in Sources */ = {isa = PBXBuildFile; fileRef = 7DC4DDE22C1C36C200B90328 /* NavigationStack_Demo.swift */; };
		7DC4DDE62C1C3B2D00B90328 /* Navigation_DisplayMode.swift in Sources */ = {isa = PBXBuildFile; fileRef = 7DC4DDE52C1C3B2D00B90328 /* Navigation_DisplayMode.swift */; };
		7DC4DDE82C1C3B8400B90328 /* Navigation_BarHidden.swift in Sources */ = {isa = PBXBuildFile; fileRef = 7DC4DDE72C1C3B8400B90328 /* Navigation_BarHidden.swift */; };
		7DC4DDEA2C1C3BF200B90328 /* Navigation_NarBarItems.swift in Sources */ = {isa = PBXBuildFile; fileRef = 7DC4DDE92C1C3BF200B90328 /* Navigation_NarBarItems.swift */; };
		7DC4DDEC2C1C3D2500B90328 /* Navigation_BackButtonHidden.swift in Sources */ = {isa = PBXBuildFile; fileRef = 7DC4DDEB2C1C3D2500B90328 /* Navigation_BackButtonHidden.swift */; };
		7DC4DDEE2C1C3DED00B90328 /* Navigation_CustomBackButton.swift in Sources */ = {isa = PBXBuildFile; fileRef = 7DC4DDED2C1C3DED00B90328 /* Navigation_CustomBackButton.swift */; };
		7DC4DDF12C1C413500B90328 /* Toolbar_Location.swift in Sources */ = {isa = PBXBuildFile; fileRef = 7DC4DDF02C1C413500B90328 /* Toolbar_Location.swift */; };
		7DC4DDF32C1C422F00B90328 /* Toolbar_ToolbarItemGroup.swift in Sources */ = {isa = PBXBuildFile; fileRef = 7DC4DDF22C1C422F00B90328 /* Toolbar_ToolbarItemGroup.swift */; };
		7DC4DDF52C1C42A200B90328 /* Toolbar_PrincipalPlacement.swift in Sources */ = {isa = PBXBuildFile; fileRef = 7DC4DDF42C1C42A200B90328 /* Toolbar_PrincipalPlacement.swift */; };
		7DC4DDF72C1C43AE00B90328 /* Toolbar_OnSheet.swift in Sources */ = {isa = PBXBuildFile; fileRef = 7DC4DDF62C1C43AE00B90328 /* Toolbar_OnSheet.swift */; };
		7DC4DDF92C1C447F00B90328 /* Toolbar_Menu.swift in Sources */ = {isa = PBXBuildFile; fileRef = 7DC4DDF82C1C447F00B90328 /* Toolbar_Menu.swift */; };
		7DC4DDFB2C1C456E00B90328 /* Toolbar_OnKeyboard.swift in Sources */ = {isa = PBXBuildFile; fileRef = 7DC4DDFA2C1C456E00B90328 /* Toolbar_OnKeyboard.swift */; };
		7DC4DDFD2C1C46C500B90328 /* Toolbar_ControlGroup.swift in Sources */ = {isa = PBXBuildFile; fileRef = 7DC4DDFC2C1C46C500B90328 /* Toolbar_ControlGroup.swift */; };
		7DC4DE082C1D345400B90328 /* HStack_Alignment.swift in Sources */ = {isa = PBXBuildFile; fileRef = 7DC4DE072C1D345400B90328 /* HStack_Alignment.swift */; };
		7DC4DE0B2C1D36C000B90328 /* ZStack_Intro.swift in Sources */ = {isa = PBXBuildFile; fileRef = 7DC4DE0A2C1D36C000B90328 /* ZStack_Intro.swift */; };
		7DC4DE0E2C203F7500B90328 /* GeometryReader_Intro.swift in Sources */ = {isa = PBXBuildFile; fileRef = 7DC4DE0D2C203F7500B90328 /* GeometryReader_Intro.swift */; };
		7DC4DE122C2042FA00B90328 /* Position_Intro.swift in Sources */ = {isa = PBXBuildFile; fileRef = 7DC4DE112C2042FA00B90328 /* Position_Intro.swift */; };
		7DC4DE142C2122E700B90328 /* Coordinates_Intro.swift in Sources */ = {isa = PBXBuildFile; fileRef = 7DC4DE132C2122E700B90328 /* Coordinates_Intro.swift */; };
		7DC4DE162C21240C00B90328 /* Coordinates_WithinGeometryReader.swift in Sources */ = {isa = PBXBuildFile; fileRef = 7DC4DE152C21240C00B90328 /* Coordinates_WithinGeometryReader.swift */; };
		7DC4DE192C212BA600B90328 /* ScaleToFit_Intro.swift in Sources */ = {isa = PBXBuildFile; fileRef = 7DC4DE182C212BA600B90328 /* ScaleToFit_Intro.swift */; };
		7DC4DE1F2C21599200B90328 /* TabView_Intro.swift in Sources */ = {isa = PBXBuildFile; fileRef = 7DC4DE1E2C21599200B90328 /* TabView_Intro.swift */; };
		7DC4DE212C215AE900B90328 /* TabView_Colors.swift in Sources */ = {isa = PBXBuildFile; fileRef = 7DC4DE202C215AE900B90328 /* TabView_Colors.swift */; };
		7DC4DE232C215B9400B90328 /* TabView_BackgroundColor.swift in Sources */ = {isa = PBXBuildFile; fileRef = 7DC4DE222C215B9400B90328 /* TabView_BackgroundColor.swift */; };
		7DC4DE252C215E4000B90328 /* TabView_UITabBarAppearance.swift in Sources */ = {isa = PBXBuildFile; fileRef = 7DC4DE242C215E4000B90328 /* TabView_UITabBarAppearance.swift */; };
		7DC4DE272C215FD200B90328 /* TabView_PageStyle.swift in Sources */ = {isa = PBXBuildFile; fileRef = 7DC4DE262C215FD200B90328 /* TabView_PageStyle.swift */; };
		7DC4DE302C22800400B90328 /* GeometryReader_Alignment.swift in Sources */ = {isa = PBXBuildFile; fileRef = 7DC4DE2F2C22800400B90328 /* GeometryReader_Alignment.swift */; };
		7DC4DE322C22A36A00B90328 /* ZStack_Layer.swift in Sources */ = {isa = PBXBuildFile; fileRef = 7DC4DE312C22A36A00B90328 /* ZStack_Layer.swift */; };
		7DC4DE342C22B64800B90328 /* GeometryReader_GetSize.swift in Sources */ = {isa = PBXBuildFile; fileRef = 7DC4DE332C22B64800B90328 /* GeometryReader_GetSize.swift */; };
		7DC4DE362C22B75F00B90328 /* GeometryReader_Positioning.swift in Sources */ = {isa = PBXBuildFile; fileRef = 7DC4DE352C22B75F00B90328 /* GeometryReader_Positioning.swift */; };
		7DC4DE382C22B88300B90328 /* GeometryReader_GetCoordinates.swift in Sources */ = {isa = PBXBuildFile; fileRef = 7DC4DE372C22B88300B90328 /* GeometryReader_GetCoordinates.swift */; };
		7DC4DE3A2C22BAEC00B90328 /* GeometryReader_MinMidMax.swift in Sources */ = {isa = PBXBuildFile; fileRef = 7DC4DE392C22BAEC00B90328 /* GeometryReader_MinMidMax.swift */; };
		7DC4DE4E2C254D0B00B90328 /* PickerView.swift in Sources */ = {isa = PBXBuildFile; fileRef = 7DC4DE4D2C254D0B00B90328 /* PickerView.swift */; };
		7DC4DE502C254D1800B90328 /* PickerFeature.swift in Sources */ = {isa = PBXBuildFile; fileRef = 7DC4DE4F2C254D1800B90328 /* PickerFeature.swift */; };
		7DC4DE522C254D7600B90328 /* ComposableArchitecture in Frameworks */ = {isa = PBXBuildFile; productRef = 7DC4DE512C254D7600B90328 /* ComposableArchitecture */; };
		7DC4DE572C25868D00B90328 /* Scope_WithAnimation.swift in Sources */ = {isa = PBXBuildFile; fileRef = 7DC4DE562C25868D00B90328 /* Scope_WithAnimation.swift */; };
		7DC4DE592C25885200B90328 /* Scope_WithAnimation_CustomAnimation.swift in Sources */ = {isa = PBXBuildFile; fileRef = 7DC4DE582C25885200B90328 /* Scope_WithAnimation_CustomAnimation.swift */; };
		7DC4DE5B2C25A50800B90328 /* Scope_WithAnimation_OnSingleView.swift in Sources */ = {isa = PBXBuildFile; fileRef = 7DC4DE5A2C25A50800B90328 /* Scope_WithAnimation_OnSingleView.swift */; };
		7DC4DE5E2C25B0AD00B90328 /* Scope_WithAnimation_MultipleViews.swift in Sources */ = {isa = PBXBuildFile; fileRef = 7DC4DE5D2C25B0AD00B90328 /* Scope_WithAnimation_MultipleViews.swift */; };
		7DC4DE622C25D1DF00B90328 /* DragGesture_OnChanged.swift in Sources */ = {isa = PBXBuildFile; fileRef = 7DC4DE612C25D1DF00B90328 /* DragGesture_OnChanged.swift */; };
		7DC4DE642C266DDE00B90328 /* DragGesture_Updating.swift in Sources */ = {isa = PBXBuildFile; fileRef = 7DC4DE632C266DDE00B90328 /* DragGesture_Updating.swift */; };
		7DC4DE662C266F6E00B90328 /* DragGesture_onEnded.swift in Sources */ = {isa = PBXBuildFile; fileRef = 7DC4DE652C266F6E00B90328 /* DragGesture_onEnded.swift */; };
		7DC4DE692C26703A00B90328 /* DragGesture_LimitToXOrY.swift in Sources */ = {isa = PBXBuildFile; fileRef = 7DC4DE682C26703A00B90328 /* DragGesture_LimitToXOrY.swift */; };
/* End PBXBuildFile section */

/* Begin PBXContainerItemProxy section */
		7D67A2802C1046AE00D74830 /* PBXContainerItemProxy */ = {
			isa = PBXContainerItemProxy;
			containerPortal = 7D67A2672C1046AC00D74830 /* Project object */;
			proxyType = 1;
			remoteGlobalIDString = 7D67A26E2C1046AC00D74830;
			remoteInfo = SwiftDemos;
		};
/* End PBXContainerItemProxy section */

/* Begin PBXFileReference section */
		7D67A26F2C1046AC00D74830 /* SwiftDemos.app */ = {isa = PBXFileReference; explicitFileType = wrapper.application; includeInIndex = 0; path = SwiftDemos.app; sourceTree = BUILT_PRODUCTS_DIR; };
		7D67A2722C1046AC00D74830 /* SwiftDemosApp.swift */ = {isa = PBXFileReference; lastKnownFileType = sourcecode.swift; path = SwiftDemosApp.swift; sourceTree = "<group>"; };
		7D67A2742C1046AC00D74830 /* ContentView.swift */ = {isa = PBXFileReference; lastKnownFileType = sourcecode.swift; path = ContentView.swift; sourceTree = "<group>"; };
		7D67A2762C1046AD00D74830 /* Assets.xcassets */ = {isa = PBXFileReference; lastKnownFileType = folder.assetcatalog; path = Assets.xcassets; sourceTree = "<group>"; };
		7D67A2792C1046AD00D74830 /* Preview Assets.xcassets */ = {isa = PBXFileReference; lastKnownFileType = folder.assetcatalog; path = "Preview Assets.xcassets"; sourceTree = "<group>"; };
		7D67A27F2C1046AE00D74830 /* SwiftDemosTests.xctest */ = {isa = PBXFileReference; explicitFileType = wrapper.cfbundle; includeInIndex = 0; path = SwiftDemosTests.xctest; sourceTree = BUILT_PRODUCTS_DIR; };
		7D67A2832C1046AE00D74830 /* SwiftDemosTests.swift */ = {isa = PBXFileReference; lastKnownFileType = sourcecode.swift; path = SwiftDemosTests.swift; sourceTree = "<group>"; };
		7D67A2AA2C106CAB00D74830 /* LayoutBehavior.swift */ = {isa = PBXFileReference; lastKnownFileType = sourcecode.swift; path = LayoutBehavior.swift; sourceTree = "<group>"; };
		7D67A2AC2C1090AD00D74830 /* LazyVStack.swift */ = {isa = PBXFileReference; lastKnownFileType = sourcecode.swift; path = LazyVStack.swift; sourceTree = "<group>"; };
		7DC4DD4A2C1091A400B90328 /* HeaderView.swift */ = {isa = PBXFileReference; lastKnownFileType = sourcecode.swift; path = HeaderView.swift; sourceTree = "<group>"; };
		7DC4DD4F2C10B6FF00B90328 /* BooksView.swift */ = {isa = PBXFileReference; lastKnownFileType = sourcecode.swift; path = BooksView.swift; sourceTree = "<group>"; };
		7DC4DD512C10B74F00B90328 /* BooksOO.swift */ = {isa = PBXFileReference; lastKnownFileType = sourcecode.swift; path = BooksOO.swift; sourceTree = "<group>"; };
		7DC4DD542C10B7BD00B90328 /* BooksDO.swift */ = {isa = PBXFileReference; lastKnownFileType = sourcecode.swift; path = BooksDO.swift; sourceTree = "<group>"; };
		7DC4DD572C10BC8700B90328 /* FourCharacters.swift */ = {isa = PBXFileReference; lastKnownFileType = sourcecode.swift; path = FourCharacters.swift; sourceTree = "<group>"; };
		7DC4DDD72C197A8D00B90328 /* AnimateSFSymbols.swift */ = {isa = PBXFileReference; lastKnownFileType = sourcecode.swift; path = AnimateSFSymbols.swift; sourceTree = "<group>"; };
		7DC4DDE22C1C36C200B90328 /* NavigationStack_Demo.swift */ = {isa = PBXFileReference; lastKnownFileType = sourcecode.swift; path = NavigationStack_Demo.swift; sourceTree = "<group>"; };
		7DC4DDE52C1C3B2D00B90328 /* Navigation_DisplayMode.swift */ = {isa = PBXFileReference; lastKnownFileType = sourcecode.swift; path = Navigation_DisplayMode.swift; sourceTree = "<group>"; };
		7DC4DDE72C1C3B8400B90328 /* Navigation_BarHidden.swift */ = {isa = PBXFileReference; lastKnownFileType = sourcecode.swift; path = Navigation_BarHidden.swift; sourceTree = "<group>"; };
		7DC4DDE92C1C3BF200B90328 /* Navigation_NarBarItems.swift */ = {isa = PBXFileReference; lastKnownFileType = sourcecode.swift; path = Navigation_NarBarItems.swift; sourceTree = "<group>"; };
		7DC4DDEB2C1C3D2500B90328 /* Navigation_BackButtonHidden.swift */ = {isa = PBXFileReference; lastKnownFileType = sourcecode.swift; path = Navigation_BackButtonHidden.swift; sourceTree = "<group>"; };
		7DC4DDED2C1C3DED00B90328 /* Navigation_CustomBackButton.swift */ = {isa = PBXFileReference; lastKnownFileType = sourcecode.swift; path = Navigation_CustomBackButton.swift; sourceTree = "<group>"; };
		7DC4DDF02C1C413500B90328 /* Toolbar_Location.swift */ = {isa = PBXFileReference; lastKnownFileType = sourcecode.swift; path = Toolbar_Location.swift; sourceTree = "<group>"; };
		7DC4DDF22C1C422F00B90328 /* Toolbar_ToolbarItemGroup.swift */ = {isa = PBXFileReference; lastKnownFileType = sourcecode.swift; path = Toolbar_ToolbarItemGroup.swift; sourceTree = "<group>"; };
		7DC4DDF42C1C42A200B90328 /* Toolbar_PrincipalPlacement.swift */ = {isa = PBXFileReference; lastKnownFileType = sourcecode.swift; path = Toolbar_PrincipalPlacement.swift; sourceTree = "<group>"; };
		7DC4DDF62C1C43AE00B90328 /* Toolbar_OnSheet.swift */ = {isa = PBXFileReference; lastKnownFileType = sourcecode.swift; path = Toolbar_OnSheet.swift; sourceTree = "<group>"; };
		7DC4DDF82C1C447F00B90328 /* Toolbar_Menu.swift */ = {isa = PBXFileReference; lastKnownFileType = sourcecode.swift; path = Toolbar_Menu.swift; sourceTree = "<group>"; };
		7DC4DDFA2C1C456E00B90328 /* Toolbar_OnKeyboard.swift */ = {isa = PBXFileReference; lastKnownFileType = sourcecode.swift; path = Toolbar_OnKeyboard.swift; sourceTree = "<group>"; };
		7DC4DDFC2C1C46C500B90328 /* Toolbar_ControlGroup.swift */ = {isa = PBXFileReference; lastKnownFileType = sourcecode.swift; path = Toolbar_ControlGroup.swift; sourceTree = "<group>"; };
		7DC4DE072C1D345400B90328 /* HStack_Alignment.swift */ = {isa = PBXFileReference; lastKnownFileType = sourcecode.swift; path = HStack_Alignment.swift; sourceTree = "<group>"; };
		7DC4DE0A2C1D36C000B90328 /* ZStack_Intro.swift */ = {isa = PBXFileReference; lastKnownFileType = sourcecode.swift; path = ZStack_Intro.swift; sourceTree = "<group>"; };
		7DC4DE0D2C203F7500B90328 /* GeometryReader_Intro.swift */ = {isa = PBXFileReference; lastKnownFileType = sourcecode.swift; path = GeometryReader_Intro.swift; sourceTree = "<group>"; };
		7DC4DE112C2042FA00B90328 /* Position_Intro.swift */ = {isa = PBXFileReference; lastKnownFileType = sourcecode.swift; path = Position_Intro.swift; sourceTree = "<group>"; };
		7DC4DE132C2122E700B90328 /* Coordinates_Intro.swift */ = {isa = PBXFileReference; lastKnownFileType = sourcecode.swift; path = Coordinates_Intro.swift; sourceTree = "<group>"; };
		7DC4DE152C21240C00B90328 /* Coordinates_WithinGeometryReader.swift */ = {isa = PBXFileReference; lastKnownFileType = sourcecode.swift; path = Coordinates_WithinGeometryReader.swift; sourceTree = "<group>"; };
		7DC4DE182C212BA600B90328 /* ScaleToFit_Intro.swift */ = {isa = PBXFileReference; lastKnownFileType = sourcecode.swift; path = ScaleToFit_Intro.swift; sourceTree = "<group>"; };
		7DC4DE1E2C21599200B90328 /* TabView_Intro.swift */ = {isa = PBXFileReference; lastKnownFileType = sourcecode.swift; path = TabView_Intro.swift; sourceTree = "<group>"; };
		7DC4DE202C215AE900B90328 /* TabView_Colors.swift */ = {isa = PBXFileReference; lastKnownFileType = sourcecode.swift; path = TabView_Colors.swift; sourceTree = "<group>"; };
		7DC4DE222C215B9400B90328 /* TabView_BackgroundColor.swift */ = {isa = PBXFileReference; lastKnownFileType = sourcecode.swift; path = TabView_BackgroundColor.swift; sourceTree = "<group>"; };
		7DC4DE242C215E4000B90328 /* TabView_UITabBarAppearance.swift */ = {isa = PBXFileReference; lastKnownFileType = sourcecode.swift; path = TabView_UITabBarAppearance.swift; sourceTree = "<group>"; };
		7DC4DE262C215FD200B90328 /* TabView_PageStyle.swift */ = {isa = PBXFileReference; lastKnownFileType = sourcecode.swift; path = TabView_PageStyle.swift; sourceTree = "<group>"; };
		7DC4DE2C2C217B1B00B90328 /* Swift_Date.playground */ = {isa = PBXFileReference; lastKnownFileType = file.playground; path = Swift_Date.playground; sourceTree = "<group>"; xcLanguageSpecificationIdentifier = xcode.lang.swift; };
		7DC4DE2F2C22800400B90328 /* GeometryReader_Alignment.swift */ = {isa = PBXFileReference; lastKnownFileType = sourcecode.swift; path = GeometryReader_Alignment.swift; sourceTree = "<group>"; };
		7DC4DE312C22A36A00B90328 /* ZStack_Layer.swift */ = {isa = PBXFileReference; lastKnownFileType = sourcecode.swift; path = ZStack_Layer.swift; sourceTree = "<group>"; };
		7DC4DE332C22B64800B90328 /* GeometryReader_GetSize.swift */ = {isa = PBXFileReference; lastKnownFileType = sourcecode.swift; path = GeometryReader_GetSize.swift; sourceTree = "<group>"; };
		7DC4DE352C22B75F00B90328 /* GeometryReader_Positioning.swift */ = {isa = PBXFileReference; lastKnownFileType = sourcecode.swift; path = GeometryReader_Positioning.swift; sourceTree = "<group>"; };
		7DC4DE372C22B88300B90328 /* GeometryReader_GetCoordinates.swift */ = {isa = PBXFileReference; lastKnownFileType = sourcecode.swift; path = GeometryReader_GetCoordinates.swift; sourceTree = "<group>"; };
		7DC4DE392C22BAEC00B90328 /* GeometryReader_MinMidMax.swift */ = {isa = PBXFileReference; lastKnownFileType = sourcecode.swift; path = GeometryReader_MinMidMax.swift; sourceTree = "<group>"; };
		7DC4DE4D2C254D0B00B90328 /* PickerView.swift */ = {isa = PBXFileReference; lastKnownFileType = sourcecode.swift; path = PickerView.swift; sourceTree = "<group>"; };
		7DC4DE4F2C254D1800B90328 /* PickerFeature.swift */ = {isa = PBXFileReference; lastKnownFileType = sourcecode.swift; path = PickerFeature.swift; sourceTree = "<group>"; };
		7DC4DE562C25868D00B90328 /* Scope_WithAnimation.swift */ = {isa = PBXFileReference; lastKnownFileType = sourcecode.swift; path = Scope_WithAnimation.swift; sourceTree = "<group>"; };
		7DC4DE582C25885200B90328 /* Scope_WithAnimation_CustomAnimation.swift */ = {isa = PBXFileReference; lastKnownFileType = sourcecode.swift; path = Scope_WithAnimation_CustomAnimation.swift; sourceTree = "<group>"; };
		7DC4DE5A2C25A50800B90328 /* Scope_WithAnimation_OnSingleView.swift */ = {isa = PBXFileReference; lastKnownFileType = sourcecode.swift; path = Scope_WithAnimation_OnSingleView.swift; sourceTree = "<group>"; };
		7DC4DE5D2C25B0AD00B90328 /* Scope_WithAnimation_MultipleViews.swift */ = {isa = PBXFileReference; lastKnownFileType = sourcecode.swift; path = Scope_WithAnimation_MultipleViews.swift; sourceTree = "<group>"; };
		7DC4DE612C25D1DF00B90328 /* DragGesture_OnChanged.swift */ = {isa = PBXFileReference; lastKnownFileType = sourcecode.swift; path = DragGesture_OnChanged.swift; sourceTree = "<group>"; };
		7DC4DE632C266DDE00B90328 /* DragGesture_Updating.swift */ = {isa = PBXFileReference; lastKnownFileType = sourcecode.swift; path = DragGesture_Updating.swift; sourceTree = "<group>"; };
		7DC4DE652C266F6E00B90328 /* DragGesture_onEnded.swift */ = {isa = PBXFileReference; lastKnownFileType = sourcecode.swift; path = DragGesture_onEnded.swift; sourceTree = "<group>"; };
		7DC4DE682C26703A00B90328 /* DragGesture_LimitToXOrY.swift */ = {isa = PBXFileReference; lastKnownFileType = sourcecode.swift; path = DragGesture_LimitToXOrY.swift; sourceTree = "<group>"; };
/* End PBXFileReference section */

/* Begin PBXFrameworksBuildPhase section */
		7D67A26C2C1046AC00D74830 /* Frameworks */ = {
			isa = PBXFrameworksBuildPhase;
			buildActionMask = 2147483647;
			files = (
				7D67A2A42C104BED00D74830 /* DependenciesMacros in Frameworks */,
				7D67A2A22C104BED00D74830 /* Dependencies in Frameworks */,
				7DC4DE522C254D7600B90328 /* ComposableArchitecture in Frameworks */,
			);
			runOnlyForDeploymentPostprocessing = 0;
		};
		7D67A27C2C1046AE00D74830 /* Frameworks */ = {
			isa = PBXFrameworksBuildPhase;
			buildActionMask = 2147483647;
			files = (
			);
			runOnlyForDeploymentPostprocessing = 0;
		};
/* End PBXFrameworksBuildPhase section */

/* Begin PBXGroup section */
		7D67A2662C1046AC00D74830 = {
			isa = PBXGroup;
			children = (
				7D67A2712C1046AC00D74830 /* SwiftDemos */,
				7D67A2822C1046AE00D74830 /* SwiftDemosTests */,
				7D67A2702C1046AC00D74830 /* Products */,
				7D67A2A02C104BED00D74830 /* Frameworks */,
			);
			sourceTree = "<group>";
		};
		7D67A2702C1046AC00D74830 /* Products */ = {
			isa = PBXGroup;
			children = (
				7D67A26F2C1046AC00D74830 /* SwiftDemos.app */,
				7D67A27F2C1046AE00D74830 /* SwiftDemosTests.xctest */,
			);
			name = Products;
			sourceTree = "<group>";
		};
		7D67A2712C1046AC00D74830 /* SwiftDemos */ = {
			isa = PBXGroup;
			children = (
				7DC4DE4B2C2542AC00B90328 /* TCA */,
				7DC4DE2A2C217A1500B90328 /* Swift */,
				7DC4DDD62C197A5E00B90328 /* Animations */,
				7DC4DD4C2C10B6CA00B90328 /* CoreDataMastery */,
				7D67A2A92C106C8500D74830 /* SwiftUI */,
				7D67A2722C1046AC00D74830 /* SwiftDemosApp.swift */,
				7D67A2742C1046AC00D74830 /* ContentView.swift */,
				7D67A2762C1046AD00D74830 /* Assets.xcassets */,
				7D67A2782C1046AD00D74830 /* Preview Content */,
			);
			path = SwiftDemos;
			sourceTree = "<group>";
		};
		7D67A2782C1046AD00D74830 /* Preview Content */ = {
			isa = PBXGroup;
			children = (
				7D67A2792C1046AD00D74830 /* Preview Assets.xcassets */,
			);
			path = "Preview Content";
			sourceTree = "<group>";
		};
		7D67A2822C1046AE00D74830 /* SwiftDemosTests */ = {
			isa = PBXGroup;
			children = (
				7D67A2832C1046AE00D74830 /* SwiftDemosTests.swift */,
			);
			path = SwiftDemosTests;
			sourceTree = "<group>";
		};
		7D67A2A02C104BED00D74830 /* Frameworks */ = {
			isa = PBXGroup;
			children = (
			);
			name = Frameworks;
			sourceTree = "<group>";
		};
		7D67A2A92C106C8500D74830 /* SwiftUI */ = {
			isa = PBXGroup;
			children = (
				7DC4DE5F2C25D1AD00B90328 /* Gestures */,
				7DC4DE1C2C2158E400B90328 /* LayoutViews */,
				7DC4DE1B2C2158CC00B90328 /* ControlViews */,
				7DC4DE0F2C2041F700B90328 /* Modifiers */,
				7DC4DE022C1C7A3900B90328 /* Image */,
				7DC4DDEF2C1C411100B90328 /* Toolbar */,
				7DC4DD492C10917900B90328 /* Template */,
				7D67A2AA2C106CAB00D74830 /* LayoutBehavior.swift */,
				7D67A2AC2C1090AD00D74830 /* LazyVStack.swift */,
				7DC4DDE22C1C36C200B90328 /* NavigationStack_Demo.swift */,
			);
			path = SwiftUI;
			sourceTree = "<group>";
		};
		7DC4DD492C10917900B90328 /* Template */ = {
			isa = PBXGroup;
			children = (
				7DC4DD4A2C1091A400B90328 /* HeaderView.swift */,
			);
			path = Template;
			sourceTree = "<group>";
		};
		7DC4DD4C2C10B6CA00B90328 /* CoreDataMastery */ = {
			isa = PBXGroup;
			children = (
				7DC4DD562C10BC6600B90328 /* PropertyWrapper */,
				7DC4DD532C10B7B100B90328 /* DO */,
				7DC4DD4E2C10B6E500B90328 /* View */,
				7DC4DD4D2C10B6DC00B90328 /* OO */,
			);
			path = CoreDataMastery;
			sourceTree = "<group>";
		};
		7DC4DD4D2C10B6DC00B90328 /* OO */ = {
			isa = PBXGroup;
			children = (
				7DC4DD512C10B74F00B90328 /* BooksOO.swift */,
			);
			path = OO;
			sourceTree = "<group>";
		};
		7DC4DD4E2C10B6E500B90328 /* View */ = {
			isa = PBXGroup;
			children = (
				7DC4DD4F2C10B6FF00B90328 /* BooksView.swift */,
			);
			path = View;
			sourceTree = "<group>";
		};
		7DC4DD532C10B7B100B90328 /* DO */ = {
			isa = PBXGroup;
			children = (
				7DC4DD542C10B7BD00B90328 /* BooksDO.swift */,
			);
			path = DO;
			sourceTree = "<group>";
		};
		7DC4DD562C10BC6600B90328 /* PropertyWrapper */ = {
			isa = PBXGroup;
			children = (
				7DC4DD572C10BC8700B90328 /* FourCharacters.swift */,
			);
			path = PropertyWrapper;
			sourceTree = "<group>";
		};
		7DC4DDD62C197A5E00B90328 /* Animations */ = {
			isa = PBXGroup;
			children = (
				7DC4DE552C25866B00B90328 /* AnimationOptions */,
				7DC4DDD72C197A8D00B90328 /* AnimateSFSymbols.swift */,
			);
			path = Animations;
			sourceTree = "<group>";
		};
		7DC4DDE42C1C3B1500B90328 /* NavigationStack */ = {
			isa = PBXGroup;
			children = (
				7DC4DDE52C1C3B2D00B90328 /* Navigation_DisplayMode.swift */,
				7DC4DDE72C1C3B8400B90328 /* Navigation_BarHidden.swift */,
				7DC4DDE92C1C3BF200B90328 /* Navigation_NarBarItems.swift */,
				7DC4DDEB2C1C3D2500B90328 /* Navigation_BackButtonHidden.swift */,
				7DC4DDED2C1C3DED00B90328 /* Navigation_CustomBackButton.swift */,
			);
			path = NavigationStack;
			sourceTree = "<group>";
		};
		7DC4DDEF2C1C411100B90328 /* Toolbar */ = {
			isa = PBXGroup;
			children = (
				7DC4DDF02C1C413500B90328 /* Toolbar_Location.swift */,
				7DC4DDF22C1C422F00B90328 /* Toolbar_ToolbarItemGroup.swift */,
				7DC4DDF42C1C42A200B90328 /* Toolbar_PrincipalPlacement.swift */,
				7DC4DDF62C1C43AE00B90328 /* Toolbar_OnSheet.swift */,
				7DC4DDF82C1C447F00B90328 /* Toolbar_Menu.swift */,
				7DC4DDFA2C1C456E00B90328 /* Toolbar_OnKeyboard.swift */,
				7DC4DDFC2C1C46C500B90328 /* Toolbar_ControlGroup.swift */,
			);
			path = Toolbar;
			sourceTree = "<group>";
		};
		7DC4DE022C1C7A3900B90328 /* Image */ = {
			isa = PBXGroup;
			children = (
			);
			path = Image;
			sourceTree = "<group>";
		};
		7DC4DE062C1D343700B90328 /* HStack */ = {
			isa = PBXGroup;
			children = (
				7DC4DE072C1D345400B90328 /* HStack_Alignment.swift */,
			);
			path = HStack;
			sourceTree = "<group>";
		};
		7DC4DE092C1D36B300B90328 /* ZStack */ = {
			isa = PBXGroup;
			children = (
				7DC4DE0A2C1D36C000B90328 /* ZStack_Intro.swift */,
				7DC4DE312C22A36A00B90328 /* ZStack_Layer.swift */,
			);
			path = ZStack;
			sourceTree = "<group>";
		};
		7DC4DE0C2C203F4E00B90328 /* GeometryReader */ = {
			isa = PBXGroup;
			children = (
				7DC4DE0D2C203F7500B90328 /* GeometryReader_Intro.swift */,
				7DC4DE2F2C22800400B90328 /* GeometryReader_Alignment.swift */,
				7DC4DE332C22B64800B90328 /* GeometryReader_GetSize.swift */,
				7DC4DE352C22B75F00B90328 /* GeometryReader_Positioning.swift */,
				7DC4DE372C22B88300B90328 /* GeometryReader_GetCoordinates.swift */,
				7DC4DE392C22BAEC00B90328 /* GeometryReader_MinMidMax.swift */,
			);
			path = GeometryReader;
			sourceTree = "<group>";
		};
		7DC4DE0F2C2041F700B90328 /* Modifiers */ = {
			isa = PBXGroup;
			children = (
				7DC4DE1A2C21574100B90328 /* ZIndex */,
				7DC4DE172C21288800B90328 /* ScaleToFit */,
				7DC4DE102C20420000B90328 /* Position */,
			);
			path = Modifiers;
			sourceTree = "<group>";
		};
		7DC4DE102C20420000B90328 /* Position */ = {
			isa = PBXGroup;
			children = (
				7DC4DE112C2042FA00B90328 /* Position_Intro.swift */,
				7DC4DE132C2122E700B90328 /* Coordinates_Intro.swift */,
				7DC4DE152C21240C00B90328 /* Coordinates_WithinGeometryReader.swift */,
			);
			path = Position;
			sourceTree = "<group>";
		};
		7DC4DE172C21288800B90328 /* ScaleToFit */ = {
			isa = PBXGroup;
			children = (
				7DC4DE182C212BA600B90328 /* ScaleToFit_Intro.swift */,
			);
			path = ScaleToFit;
			sourceTree = "<group>";
		};
		7DC4DE1A2C21574100B90328 /* ZIndex */ = {
			isa = PBXGroup;
			children = (
			);
			path = ZIndex;
			sourceTree = "<group>";
		};
		7DC4DE1B2C2158CC00B90328 /* ControlViews */ = {
			isa = PBXGroup;
			children = (
				7DC4DE1D2C21596700B90328 /* TabView */,
				7DC4DDE42C1C3B1500B90328 /* NavigationStack */,
			);
			path = ControlViews;
			sourceTree = "<group>";
		};
		7DC4DE1C2C2158E400B90328 /* LayoutViews */ = {
			isa = PBXGroup;
			children = (
				7DC4DE062C1D343700B90328 /* HStack */,
				7DC4DE092C1D36B300B90328 /* ZStack */,
				7DC4DE0C2C203F4E00B90328 /* GeometryReader */,
			);
			path = LayoutViews;
			sourceTree = "<group>";
		};
		7DC4DE1D2C21596700B90328 /* TabView */ = {
			isa = PBXGroup;
			children = (
				7DC4DE1E2C21599200B90328 /* TabView_Intro.swift */,
				7DC4DE202C215AE900B90328 /* TabView_Colors.swift */,
				7DC4DE222C215B9400B90328 /* TabView_BackgroundColor.swift */,
				7DC4DE242C215E4000B90328 /* TabView_UITabBarAppearance.swift */,
				7DC4DE262C215FD200B90328 /* TabView_PageStyle.swift */,
			);
			path = TabView;
			sourceTree = "<group>";
		};
		7DC4DE2A2C217A1500B90328 /* Swift */ = {
			isa = PBXGroup;
			children = (
				7DC4DE2B2C217AD100B90328 /* Date */,
			);
			path = Swift;
			sourceTree = "<group>";
		};
		7DC4DE2B2C217AD100B90328 /* Date */ = {
			isa = PBXGroup;
			children = (
				7DC4DE2C2C217B1B00B90328 /* Swift_Date.playground */,
			);
			path = Date;
			sourceTree = "<group>";
		};
		7DC4DE4B2C2542AC00B90328 /* TCA */ = {
			isa = PBXGroup;
			children = (
				7DC4DE4C2C2542C000B90328 /* Binding */,
			);
			path = TCA;
			sourceTree = "<group>";
		};
		7DC4DE4C2C2542C000B90328 /* Binding */ = {
			isa = PBXGroup;
			children = (
				7DC4DE4D2C254D0B00B90328 /* PickerView.swift */,
				7DC4DE4F2C254D1800B90328 /* PickerFeature.swift */,
			);
			path = Binding;
			sourceTree = "<group>";
		};
		7DC4DE552C25866B00B90328 /* AnimationOptions */ = {
			isa = PBXGroup;
			children = (
				7DC4DE5C2C25B08200B90328 /* withAnimation */,
			);
			path = AnimationOptions;
			sourceTree = "<group>";
		};
		7DC4DE5C2C25B08200B90328 /* withAnimation */ = {
			isa = PBXGroup;
			children = (
				7DC4DE562C25868D00B90328 /* Scope_WithAnimation.swift */,
				7DC4DE582C25885200B90328 /* Scope_WithAnimation_CustomAnimation.swift */,
				7DC4DE5A2C25A50800B90328 /* Scope_WithAnimation_OnSingleView.swift */,
				7DC4DE5D2C25B0AD00B90328 /* Scope_WithAnimation_MultipleViews.swift */,
			);
			path = withAnimation;
			sourceTree = "<group>";
		};
		7DC4DE5F2C25D1AD00B90328 /* Gestures */ = {
			isa = PBXGroup;
			children = (
				7DC4DE602C25D1C100B90328 /* DragGesture */,
			);
			path = Gestures;
			sourceTree = "<group>";
		};
		7DC4DE602C25D1C100B90328 /* DragGesture */ = {
			isa = PBXGroup;
			children = (
				7DC4DE612C25D1DF00B90328 /* DragGesture_OnChanged.swift */,
				7DC4DE632C266DDE00B90328 /* DragGesture_Updating.swift */,
				7DC4DE652C266F6E00B90328 /* DragGesture_onEnded.swift */,
				7DC4DE682C26703A00B90328 /* DragGesture_LimitToXOrY.swift */,
			);
			path = DragGesture;
			sourceTree = "<group>";
		};
/* End PBXGroup section */

/* Begin PBXNativeTarget section */
		7D67A26E2C1046AC00D74830 /* SwiftDemos */ = {
			isa = PBXNativeTarget;
			buildConfigurationList = 7D67A2932C1046AE00D74830 /* Build configuration list for PBXNativeTarget "SwiftDemos" */;
			buildPhases = (
				7D67A26B2C1046AC00D74830 /* Sources */,
				7D67A26C2C1046AC00D74830 /* Frameworks */,
				7D67A26D2C1046AC00D74830 /* Resources */,
			);
			buildRules = (
			);
			dependencies = (
			);
			name = SwiftDemos;
			packageProductDependencies = (
				7D67A2A12C104BED00D74830 /* Dependencies */,
				7D67A2A32C104BED00D74830 /* DependenciesMacros */,
				7DC4DE512C254D7600B90328 /* ComposableArchitecture */,
			);
			productName = SwiftDemos;
			productReference = 7D67A26F2C1046AC00D74830 /* SwiftDemos.app */;
			productType = "com.apple.product-type.application";
		};
		7D67A27E2C1046AE00D74830 /* SwiftDemosTests */ = {
			isa = PBXNativeTarget;
			buildConfigurationList = 7D67A2962C1046AE00D74830 /* Build configuration list for PBXNativeTarget "SwiftDemosTests" */;
			buildPhases = (
				7D67A27B2C1046AE00D74830 /* Sources */,
				7D67A27C2C1046AE00D74830 /* Frameworks */,
				7D67A27D2C1046AE00D74830 /* Resources */,
			);
			buildRules = (
			);
			dependencies = (
				7D67A2812C1046AE00D74830 /* PBXTargetDependency */,
			);
			name = SwiftDemosTests;
			productName = SwiftDemosTests;
			productReference = 7D67A27F2C1046AE00D74830 /* SwiftDemosTests.xctest */;
			productType = "com.apple.product-type.bundle.unit-test";
		};
/* End PBXNativeTarget section */

/* Begin PBXProject section */
		7D67A2672C1046AC00D74830 /* Project object */ = {
			isa = PBXProject;
			attributes = {
				BuildIndependentTargetsInParallel = 1;
				LastSwiftUpdateCheck = 1540;
				LastUpgradeCheck = 1540;
				TargetAttributes = {
					7D67A26E2C1046AC00D74830 = {
						CreatedOnToolsVersion = 15.4;
					};
					7D67A27E2C1046AE00D74830 = {
						CreatedOnToolsVersion = 15.4;
						TestTargetID = 7D67A26E2C1046AC00D74830;
					};
				};
			};
			buildConfigurationList = 7D67A26A2C1046AC00D74830 /* Build configuration list for PBXProject "SwiftDemos" */;
			compatibilityVersion = "Xcode 14.0";
			developmentRegion = en;
			hasScannedForEncodings = 0;
			knownRegions = (
				en,
				Base,
			);
			mainGroup = 7D67A2662C1046AC00D74830;
			packageReferences = (
				7D67A29F2C104BB900D74830 /* XCRemoteSwiftPackageReference "swift-dependencies" */,
				7D67A2A82C104F7D00D74830 /* XCRemoteSwiftPackageReference "swift-composable-architecture" */,
			);
			productRefGroup = 7D67A2702C1046AC00D74830 /* Products */;
			projectDirPath = "";
			projectRoot = "";
			targets = (
				7D67A26E2C1046AC00D74830 /* SwiftDemos */,
				7D67A27E2C1046AE00D74830 /* SwiftDemosTests */,
			);
		};
/* End PBXProject section */

/* Begin PBXResourcesBuildPhase section */
		7D67A26D2C1046AC00D74830 /* Resources */ = {
			isa = PBXResourcesBuildPhase;
			buildActionMask = 2147483647;
			files = (
				7D67A27A2C1046AD00D74830 /* Preview Assets.xcassets in Resources */,
				7D67A2772C1046AD00D74830 /* Assets.xcassets in Resources */,
			);
			runOnlyForDeploymentPostprocessing = 0;
		};
		7D67A27D2C1046AE00D74830 /* Resources */ = {
			isa = PBXResourcesBuildPhase;
			buildActionMask = 2147483647;
			files = (
			);
			runOnlyForDeploymentPostprocessing = 0;
		};
/* End PBXResourcesBuildPhase section */

/* Begin PBXSourcesBuildPhase section */
		7D67A26B2C1046AC00D74830 /* Sources */ = {
			isa = PBXSourcesBuildPhase;
			buildActionMask = 2147483647;
			files = (
				7D67A2752C1046AC00D74830 /* ContentView.swift in Sources */,
				7DC4DD582C10BC8700B90328 /* FourCharacters.swift in Sources */,
				7DC4DE322C22A36A00B90328 /* ZStack_Layer.swift in Sources */,
				7DC4DE5E2C25B0AD00B90328 /* Scope_WithAnimation_MultipleViews.swift in Sources */,
				7D67A2AB2C106CAB00D74830 /* LayoutBehavior.swift in Sources */,
				7DC4DE3A2C22BAEC00B90328 /* GeometryReader_MinMidMax.swift in Sources */,
				7DC4DE572C25868D00B90328 /* Scope_WithAnimation.swift in Sources */,
				7DC4DE272C215FD200B90328 /* TabView_PageStyle.swift in Sources */,
				7DC4DE1F2C21599200B90328 /* TabView_Intro.swift in Sources */,
				7DC4DE622C25D1DF00B90328 /* DragGesture_OnChanged.swift in Sources */,
				7DC4DDFB2C1C456E00B90328 /* Toolbar_OnKeyboard.swift in Sources */,
				7DC4DE692C26703A00B90328 /* DragGesture_LimitToXOrY.swift in Sources */,
				7DC4DE362C22B75F00B90328 /* GeometryReader_Positioning.swift in Sources */,
				7DC4DDE82C1C3B8400B90328 /* Navigation_BarHidden.swift in Sources */,
				7DC4DE142C2122E700B90328 /* Coordinates_Intro.swift in Sources */,
				7DC4DD522C10B74F00B90328 /* BooksOO.swift in Sources */,
				7DC4DDEE2C1C3DED00B90328 /* Navigation_CustomBackButton.swift in Sources */,
				7DC4DE642C266DDE00B90328 /* DragGesture_Updating.swift in Sources */,
				7DC4DE192C212BA600B90328 /* ScaleToFit_Intro.swift in Sources */,
				7DC4DE4E2C254D0B00B90328 /* PickerView.swift in Sources */,
				7DC4DE232C215B9400B90328 /* TabView_BackgroundColor.swift in Sources */,
				7DC4DE302C22800400B90328 /* GeometryReader_Alignment.swift in Sources */,
				7DC4DE382C22B88300B90328 /* GeometryReader_GetCoordinates.swift in Sources */,
				7DC4DDD82C197A8D00B90328 /* AnimateSFSymbols.swift in Sources */,
				7DC4DDE62C1C3B2D00B90328 /* Navigation_DisplayMode.swift in Sources */,
				7DC4DE5B2C25A50800B90328 /* Scope_WithAnimation_OnSingleView.swift in Sources */,
				7D67A2732C1046AC00D74830 /* SwiftDemosApp.swift in Sources */,
				7DC4DE252C215E4000B90328 /* TabView_UITabBarAppearance.swift in Sources */,
				7DC4DDE32C1C36C200B90328 /* NavigationStack_Demo.swift in Sources */,
				7DC4DE212C215AE900B90328 /* TabView_Colors.swift in Sources */,
				7D67A2AD2C1090AD00D74830 /* LazyVStack.swift in Sources */,
				7DC4DDF12C1C413500B90328 /* Toolbar_Location.swift in Sources */,
				7DC4DE342C22B64800B90328 /* GeometryReader_GetSize.swift in Sources */,
				7DC4DE502C254D1800B90328 /* PickerFeature.swift in Sources */,
				7DC4DDF92C1C447F00B90328 /* Toolbar_Menu.swift in Sources */,
				7DC4DDF32C1C422F00B90328 /* Toolbar_ToolbarItemGroup.swift in Sources */,
				7DC4DE662C266F6E00B90328 /* DragGesture_onEnded.swift in Sources */,
				7DC4DD552C10B7BD00B90328 /* BooksDO.swift in Sources */,
				7DC4DE122C2042FA00B90328 /* Position_Intro.swift in Sources */,
				7DC4DDFD2C1C46C500B90328 /* Toolbar_ControlGroup.swift in Sources */,
				7DC4DE0E2C203F7500B90328 /* GeometryReader_Intro.swift in Sources */,
				7DC4DE082C1D345400B90328 /* HStack_Alignment.swift in Sources */,
				7DC4DDEC2C1C3D2500B90328 /* Navigation_BackButtonHidden.swift in Sources */,
				7DC4DDF52C1C42A200B90328 /* Toolbar_PrincipalPlacement.swift in Sources */,
				7DC4DE162C21240C00B90328 /* Coordinates_WithinGeometryReader.swift in Sources */,
				7DC4DE0B2C1D36C000B90328 /* ZStack_Intro.swift in Sources */,
				7DC4DD4B2C1091A400B90328 /* HeaderView.swift in Sources */,
				7DC4DDEA2C1C3BF200B90328 /* Navigation_NarBarItems.swift in Sources */,
				7DC4DE592C25885200B90328 /* Scope_WithAnimation_CustomAnimation.swift in Sources */,
				7DC4DDF72C1C43AE00B90328 /* Toolbar_OnSheet.swift in Sources */,
				7DC4DD502C10B6FF00B90328 /* BooksView.swift in Sources */,
			);
			runOnlyForDeploymentPostprocessing = 0;
		};
		7D67A27B2C1046AE00D74830 /* Sources */ = {
			isa = PBXSourcesBuildPhase;
			buildActionMask = 2147483647;
			files = (
				7D67A2842C1046AE00D74830 /* SwiftDemosTests.swift in Sources */,
			);
			runOnlyForDeploymentPostprocessing = 0;
		};
/* End PBXSourcesBuildPhase section */

/* Begin PBXTargetDependency section */
		7D67A2812C1046AE00D74830 /* PBXTargetDependency */ = {
			isa = PBXTargetDependency;
			target = 7D67A26E2C1046AC00D74830 /* SwiftDemos */;
			targetProxy = 7D67A2802C1046AE00D74830 /* PBXContainerItemProxy */;
		};
/* End PBXTargetDependency section */

/* Begin XCBuildConfiguration section */
		7D67A2912C1046AE00D74830 /* Debug */ = {
			isa = XCBuildConfiguration;
			buildSettings = {
				ALWAYS_SEARCH_USER_PATHS = NO;
				ASSETCATALOG_COMPILER_GENERATE_SWIFT_ASSET_SYMBOL_EXTENSIONS = YES;
				CLANG_ANALYZER_NONNULL = YES;
				CLANG_ANALYZER_NUMBER_OBJECT_CONVERSION = YES_AGGRESSIVE;
				CLANG_CXX_LANGUAGE_STANDARD = "gnu++20";
				CLANG_ENABLE_MODULES = YES;
				CLANG_ENABLE_OBJC_ARC = YES;
				CLANG_ENABLE_OBJC_WEAK = YES;
				CLANG_WARN_BLOCK_CAPTURE_AUTORELEASING = YES;
				CLANG_WARN_BOOL_CONVERSION = YES;
				CLANG_WARN_COMMA = YES;
				CLANG_WARN_CONSTANT_CONVERSION = YES;
				CLANG_WARN_DEPRECATED_OBJC_IMPLEMENTATIONS = YES;
				CLANG_WARN_DIRECT_OBJC_ISA_USAGE = YES_ERROR;
				CLANG_WARN_DOCUMENTATION_COMMENTS = YES;
				CLANG_WARN_EMPTY_BODY = YES;
				CLANG_WARN_ENUM_CONVERSION = YES;
				CLANG_WARN_INFINITE_RECURSION = YES;
				CLANG_WARN_INT_CONVERSION = YES;
				CLANG_WARN_NON_LITERAL_NULL_CONVERSION = YES;
				CLANG_WARN_OBJC_IMPLICIT_RETAIN_SELF = YES;
				CLANG_WARN_OBJC_LITERAL_CONVERSION = YES;
				CLANG_WARN_OBJC_ROOT_CLASS = YES_ERROR;
				CLANG_WARN_QUOTED_INCLUDE_IN_FRAMEWORK_HEADER = YES;
				CLANG_WARN_RANGE_LOOP_ANALYSIS = YES;
				CLANG_WARN_STRICT_PROTOTYPES = YES;
				CLANG_WARN_SUSPICIOUS_MOVE = YES;
				CLANG_WARN_UNGUARDED_AVAILABILITY = YES_AGGRESSIVE;
				CLANG_WARN_UNREACHABLE_CODE = YES;
				CLANG_WARN__DUPLICATE_METHOD_MATCH = YES;
				COPY_PHASE_STRIP = NO;
				DEBUG_INFORMATION_FORMAT = dwarf;
				ENABLE_STRICT_OBJC_MSGSEND = YES;
				ENABLE_TESTABILITY = YES;
				ENABLE_USER_SCRIPT_SANDBOXING = YES;
				GCC_C_LANGUAGE_STANDARD = gnu17;
				GCC_DYNAMIC_NO_PIC = NO;
				GCC_NO_COMMON_BLOCKS = YES;
				GCC_OPTIMIZATION_LEVEL = 0;
				GCC_PREPROCESSOR_DEFINITIONS = (
					"DEBUG=1",
					"$(inherited)",
				);
				GCC_WARN_64_TO_32_BIT_CONVERSION = YES;
				GCC_WARN_ABOUT_RETURN_TYPE = YES_ERROR;
				GCC_WARN_UNDECLARED_SELECTOR = YES;
				GCC_WARN_UNINITIALIZED_AUTOS = YES_AGGRESSIVE;
				GCC_WARN_UNUSED_FUNCTION = YES;
				GCC_WARN_UNUSED_VARIABLE = YES;
				IPHONEOS_DEPLOYMENT_TARGET = 17.0;
				LOCALIZATION_PREFERS_STRING_CATALOGS = YES;
				MTL_ENABLE_DEBUG_INFO = INCLUDE_SOURCE;
				MTL_FAST_MATH = YES;
				ONLY_ACTIVE_ARCH = YES;
				SDKROOT = iphoneos;
				SWIFT_ACTIVE_COMPILATION_CONDITIONS = "DEBUG $(inherited)";
				SWIFT_OPTIMIZATION_LEVEL = "-Onone";
			};
			name = Debug;
		};
		7D67A2922C1046AE00D74830 /* Release */ = {
			isa = XCBuildConfiguration;
			buildSettings = {
				ALWAYS_SEARCH_USER_PATHS = NO;
				ASSETCATALOG_COMPILER_GENERATE_SWIFT_ASSET_SYMBOL_EXTENSIONS = YES;
				CLANG_ANALYZER_NONNULL = YES;
				CLANG_ANALYZER_NUMBER_OBJECT_CONVERSION = YES_AGGRESSIVE;
				CLANG_CXX_LANGUAGE_STANDARD = "gnu++20";
				CLANG_ENABLE_MODULES = YES;
				CLANG_ENABLE_OBJC_ARC = YES;
				CLANG_ENABLE_OBJC_WEAK = YES;
				CLANG_WARN_BLOCK_CAPTURE_AUTORELEASING = YES;
				CLANG_WARN_BOOL_CONVERSION = YES;
				CLANG_WARN_COMMA = YES;
				CLANG_WARN_CONSTANT_CONVERSION = YES;
				CLANG_WARN_DEPRECATED_OBJC_IMPLEMENTATIONS = YES;
				CLANG_WARN_DIRECT_OBJC_ISA_USAGE = YES_ERROR;
				CLANG_WARN_DOCUMENTATION_COMMENTS = YES;
				CLANG_WARN_EMPTY_BODY = YES;
				CLANG_WARN_ENUM_CONVERSION = YES;
				CLANG_WARN_INFINITE_RECURSION = YES;
				CLANG_WARN_INT_CONVERSION = YES;
				CLANG_WARN_NON_LITERAL_NULL_CONVERSION = YES;
				CLANG_WARN_OBJC_IMPLICIT_RETAIN_SELF = YES;
				CLANG_WARN_OBJC_LITERAL_CONVERSION = YES;
				CLANG_WARN_OBJC_ROOT_CLASS = YES_ERROR;
				CLANG_WARN_QUOTED_INCLUDE_IN_FRAMEWORK_HEADER = YES;
				CLANG_WARN_RANGE_LOOP_ANALYSIS = YES;
				CLANG_WARN_STRICT_PROTOTYPES = YES;
				CLANG_WARN_SUSPICIOUS_MOVE = YES;
				CLANG_WARN_UNGUARDED_AVAILABILITY = YES_AGGRESSIVE;
				CLANG_WARN_UNREACHABLE_CODE = YES;
				CLANG_WARN__DUPLICATE_METHOD_MATCH = YES;
				COPY_PHASE_STRIP = NO;
				DEBUG_INFORMATION_FORMAT = "dwarf-with-dsym";
				ENABLE_NS_ASSERTIONS = NO;
				ENABLE_STRICT_OBJC_MSGSEND = YES;
				ENABLE_USER_SCRIPT_SANDBOXING = YES;
				GCC_C_LANGUAGE_STANDARD = gnu17;
				GCC_NO_COMMON_BLOCKS = YES;
				GCC_WARN_64_TO_32_BIT_CONVERSION = YES;
				GCC_WARN_ABOUT_RETURN_TYPE = YES_ERROR;
				GCC_WARN_UNDECLARED_SELECTOR = YES;
				GCC_WARN_UNINITIALIZED_AUTOS = YES_AGGRESSIVE;
				GCC_WARN_UNUSED_FUNCTION = YES;
				GCC_WARN_UNUSED_VARIABLE = YES;
				IPHONEOS_DEPLOYMENT_TARGET = 17.0;
				LOCALIZATION_PREFERS_STRING_CATALOGS = YES;
				MTL_ENABLE_DEBUG_INFO = NO;
				MTL_FAST_MATH = YES;
				SDKROOT = iphoneos;
				SWIFT_COMPILATION_MODE = wholemodule;
				VALIDATE_PRODUCT = YES;
			};
			name = Release;
		};
		7D67A2942C1046AE00D74830 /* Debug */ = {
			isa = XCBuildConfiguration;
			buildSettings = {
				ASSETCATALOG_COMPILER_APPICON_NAME = AppIcon;
				ASSETCATALOG_COMPILER_GLOBAL_ACCENT_COLOR_NAME = AccentColor;
				CODE_SIGN_STYLE = Automatic;
				CURRENT_PROJECT_VERSION = 1;
				DEVELOPMENT_ASSET_PATHS = "\"SwiftDemos/Preview Content\"";
				DEVELOPMENT_TEAM = 27YZKU4MRD;
				ENABLE_PREVIEWS = YES;
				GENERATE_INFOPLIST_FILE = YES;
				INFOPLIST_KEY_UIApplicationSceneManifest_Generation = YES;
				INFOPLIST_KEY_UIApplicationSupportsIndirectInputEvents = YES;
				INFOPLIST_KEY_UILaunchScreen_Generation = YES;
				INFOPLIST_KEY_UISupportedInterfaceOrientations_iPad = "UIInterfaceOrientationPortrait UIInterfaceOrientationPortraitUpsideDown UIInterfaceOrientationLandscapeLeft UIInterfaceOrientationLandscapeRight";
				INFOPLIST_KEY_UISupportedInterfaceOrientations_iPhone = "UIInterfaceOrientationPortrait UIInterfaceOrientationLandscapeLeft UIInterfaceOrientationLandscapeRight";
				LD_RUNPATH_SEARCH_PATHS = (
					"$(inherited)",
					"@executable_path/Frameworks",
				);
				MARKETING_VERSION = 1.0;
				PRODUCT_BUNDLE_IDENTIFIER = cn.bossfly.SwiftDemos;
				PRODUCT_NAME = "$(TARGET_NAME)";
				SWIFT_EMIT_LOC_STRINGS = YES;
				SWIFT_VERSION = 5.0;
				TARGETED_DEVICE_FAMILY = "1,2";
			};
			name = Debug;
		};
		7D67A2952C1046AE00D74830 /* Release */ = {
			isa = XCBuildConfiguration;
			buildSettings = {
				ASSETCATALOG_COMPILER_APPICON_NAME = AppIcon;
				ASSETCATALOG_COMPILER_GLOBAL_ACCENT_COLOR_NAME = AccentColor;
				CODE_SIGN_STYLE = Automatic;
				CURRENT_PROJECT_VERSION = 1;
				DEVELOPMENT_ASSET_PATHS = "\"SwiftDemos/Preview Content\"";
				DEVELOPMENT_TEAM = 27YZKU4MRD;
				ENABLE_PREVIEWS = YES;
				GENERATE_INFOPLIST_FILE = YES;
				INFOPLIST_KEY_UIApplicationSceneManifest_Generation = YES;
				INFOPLIST_KEY_UIApplicationSupportsIndirectInputEvents = YES;
				INFOPLIST_KEY_UILaunchScreen_Generation = YES;
				INFOPLIST_KEY_UISupportedInterfaceOrientations_iPad = "UIInterfaceOrientationPortrait UIInterfaceOrientationPortraitUpsideDown UIInterfaceOrientationLandscapeLeft UIInterfaceOrientationLandscapeRight";
				INFOPLIST_KEY_UISupportedInterfaceOrientations_iPhone = "UIInterfaceOrientationPortrait UIInterfaceOrientationLandscapeLeft UIInterfaceOrientationLandscapeRight";
				LD_RUNPATH_SEARCH_PATHS = (
					"$(inherited)",
					"@executable_path/Frameworks",
				);
				MARKETING_VERSION = 1.0;
				PRODUCT_BUNDLE_IDENTIFIER = cn.bossfly.SwiftDemos;
				PRODUCT_NAME = "$(TARGET_NAME)";
				SWIFT_EMIT_LOC_STRINGS = YES;
				SWIFT_VERSION = 5.0;
				TARGETED_DEVICE_FAMILY = "1,2";
			};
			name = Release;
		};
		7D67A2972C1046AE00D74830 /* Debug */ = {
			isa = XCBuildConfiguration;
			buildSettings = {
				ALWAYS_EMBED_SWIFT_STANDARD_LIBRARIES = YES;
				BUNDLE_LOADER = "$(TEST_HOST)";
				CODE_SIGN_STYLE = Automatic;
				CURRENT_PROJECT_VERSION = 1;
				DEVELOPMENT_TEAM = 27YZKU4MRD;
				GENERATE_INFOPLIST_FILE = YES;
				IPHONEOS_DEPLOYMENT_TARGET = 17.5;
				MARKETING_VERSION = 1.0;
				PRODUCT_BUNDLE_IDENTIFIER = cn.bossfly.SwiftDemosTests;
				PRODUCT_NAME = "$(TARGET_NAME)";
				SWIFT_EMIT_LOC_STRINGS = NO;
				SWIFT_VERSION = 5.0;
				TARGETED_DEVICE_FAMILY = "1,2";
				TEST_HOST = "$(BUILT_PRODUCTS_DIR)/SwiftDemos.app/$(BUNDLE_EXECUTABLE_FOLDER_PATH)/SwiftDemos";
			};
			name = Debug;
		};
		7D67A2982C1046AE00D74830 /* Release */ = {
			isa = XCBuildConfiguration;
			buildSettings = {
				ALWAYS_EMBED_SWIFT_STANDARD_LIBRARIES = YES;
				BUNDLE_LOADER = "$(TEST_HOST)";
				CODE_SIGN_STYLE = Automatic;
				CURRENT_PROJECT_VERSION = 1;
				DEVELOPMENT_TEAM = 27YZKU4MRD;
				GENERATE_INFOPLIST_FILE = YES;
				IPHONEOS_DEPLOYMENT_TARGET = 17.5;
				MARKETING_VERSION = 1.0;
				PRODUCT_BUNDLE_IDENTIFIER = cn.bossfly.SwiftDemosTests;
				PRODUCT_NAME = "$(TARGET_NAME)";
				SWIFT_EMIT_LOC_STRINGS = NO;
				SWIFT_VERSION = 5.0;
				TARGETED_DEVICE_FAMILY = "1,2";
				TEST_HOST = "$(BUILT_PRODUCTS_DIR)/SwiftDemos.app/$(BUNDLE_EXECUTABLE_FOLDER_PATH)/SwiftDemos";
			};
			name = Release;
		};
/* End XCBuildConfiguration section */

/* Begin XCConfigurationList section */
		7D67A26A2C1046AC00D74830 /* Build configuration list for PBXProject "SwiftDemos" */ = {
			isa = XCConfigurationList;
			buildConfigurations = (
				7D67A2912C1046AE00D74830 /* Debug */,
				7D67A2922C1046AE00D74830 /* Release */,
			);
			defaultConfigurationIsVisible = 0;
			defaultConfigurationName = Release;
		};
		7D67A2932C1046AE00D74830 /* Build configuration list for PBXNativeTarget "SwiftDemos" */ = {
			isa = XCConfigurationList;
			buildConfigurations = (
				7D67A2942C1046AE00D74830 /* Debug */,
				7D67A2952C1046AE00D74830 /* Release */,
			);
			defaultConfigurationIsVisible = 0;
			defaultConfigurationName = Release;
		};
		7D67A2962C1046AE00D74830 /* Build configuration list for PBXNativeTarget "SwiftDemosTests" */ = {
			isa = XCConfigurationList;
			buildConfigurations = (
				7D67A2972C1046AE00D74830 /* Debug */,
				7D67A2982C1046AE00D74830 /* Release */,
			);
			defaultConfigurationIsVisible = 0;
			defaultConfigurationName = Release;
		};
/* End XCConfigurationList section */

/* Begin XCRemoteSwiftPackageReference section */
		7D67A29F2C104BB900D74830 /* XCRemoteSwiftPackageReference "swift-dependencies" */ = {
			isa = XCRemoteSwiftPackageReference;
			repositoryURL = "https://github.com/pointfreeco/swift-dependencies";
			requirement = {
				kind = exactVersion;
				version = 1.3.1;
			};
		};
		7D67A2A82C104F7D00D74830 /* XCRemoteSwiftPackageReference "swift-composable-architecture" */ = {
			isa = XCRemoteSwiftPackageReference;
			repositoryURL = "https://github.com/pointfreeco/swift-composable-architecture";
			requirement = {
				kind = exactVersion;
				version = 1.11.2;
			};
		};
/* End XCRemoteSwiftPackageReference section */

/* Begin XCSwiftPackageProductDependency section */
		7D67A2A12C104BED00D74830 /* Dependencies */ = {
			isa = XCSwiftPackageProductDependency;
			package = 7D67A29F2C104BB900D74830 /* XCRemoteSwiftPackageReference "swift-dependencies" */;
			productName = Dependencies;
		};
		7D67A2A32C104BED00D74830 /* DependenciesMacros */ = {
			isa = XCSwiftPackageProductDependency;
			package = 7D67A29F2C104BB900D74830 /* XCRemoteSwiftPackageReference "swift-dependencies" */;
			productName = DependenciesMacros;
		};
		7DC4DE512C254D7600B90328 /* ComposableArchitecture */ = {
			isa = XCSwiftPackageProductDependency;
			package = 7D67A2A82C104F7D00D74830 /* XCRemoteSwiftPackageReference "swift-composable-architecture" */;
			productName = ComposableArchitecture;
		};
/* End XCSwiftPackageProductDependency section */
	};
	rootObject = 7D67A2672C1046AC00D74830 /* Project object */;
}
