// !$*UTF8*$!
{
	archiveVersion = 1;
	classes = {
	};
	objectVersion = 56;
	objects = {

/* Begin PBXBuildFile section */
		7D67A2732C1046AC00D74830 /* SwiftDemosApp.swift in Sources */ = {isa = PBXBuildFile; fileRef = 7D67A2722C1046AC00D74830 /* SwiftDemosApp.swift */; };
		7D67A2752C1046AC00D74830 /* ContentView.swift in Sources */ = {isa = PBXBuildFile; fileRef = 7D67A2742C1046AC00D74830 /* ContentView.swift */; };
		7D67A2772C1046AD00D74830 /* Assets.xcassets in Resources */ = {isa = PBXBuildFile; fileRef = 7D67A2762C1046AD00D74830 /* Assets.xcassets */; };
		7D67A27A2C1046AD00D74830 /* Preview Assets.xcassets in Resources */ = {isa = PBXBuildFile; fileRef = 7D67A2792C1046AD00D74830 /* Preview Assets.xcassets */; };
		7D67A2842C1046AE00D74830 /* SwiftDemosTests.swift in Sources */ = {isa = PBXBuildFile; fileRef = 7D67A2832C1046AE00D74830 /* SwiftDemosTests.swift */; };
		7D67A28E2C1046AE00D74830 /* SwiftDemosUITests.swift in Sources */ = {isa = PBXBuildFile; fileRef = 7D67A28D2C1046AE00D74830 /* SwiftDemosUITests.swift */; };
		7D67A2902C1046AE00D74830 /* SwiftDemosUITestsLaunchTests.swift in Sources */ = {isa = PBXBuildFile; fileRef = 7D67A28F2C1046AE00D74830 /* SwiftDemosUITestsLaunchTests.swift */; };
/* End PBXBuildFile section */

/* Begin PBXContainerItemProxy section */
		7D67A2802C1046AE00D74830 /* PBXContainerItemProxy */ = {
			isa = PBXContainerItemProxy;
			containerPortal = 7D67A2672C1046AC00D74830 /* Project object */;
			proxyType = 1;
			remoteGlobalIDString = 7D67A26E2C1046AC00D74830;
			remoteInfo = SwiftDemos;
		};
		7D67A28A2C1046AE00D74830 /* PBXContainerItemProxy */ = {
			isa = PBXContainerItemProxy;
			containerPortal = 7D67A2672C1046AC00D74830 /* Project object */;
			proxyType = 1;
			remoteGlobalIDString = 7D67A26E2C1046AC00D74830;
			remoteInfo = SwiftDemos;
		};
/* End PBXContainerItemProxy section */

/* Begin PBXFileReference section */
		7D67A26F2C1046AC00D74830 /* SwiftDemos.app */ = {isa = PBXFileReference; explicitFileType = wrapper.application; includeInIndex = 0; path = SwiftDemos.app; sourceTree = BUILT_PRODUCTS_DIR; };
		7D67A2722C1046AC00D74830 /* SwiftDemosApp.swift */ = {isa = PBXFileReference; lastKnownFileType = sourcecode.swift; path = SwiftDemosApp.swift; sourceTree = "<group>"; };
		7D67A2742C1046AC00D74830 /* ContentView.swift */ = {isa = PBXFileReference; lastKnownFileType = sourcecode.swift; path = ContentView.swift; sourceTree = "<group>"; };
		7D67A2762C1046AD00D74830 /* Assets.xcassets */ = {isa = PBXFileReference; lastKnownFileType = folder.assetcatalog; path = Assets.xcassets; sourceTree = "<group>"; };
		7D67A2792C1046AD00D74830 /* Preview Assets.xcassets */ = {isa = PBXFileReference; lastKnownFileType = folder.assetcatalog; path = "Preview Assets.xcassets"; sourceTree = "<group>"; };
		7D67A27F2C1046AE00D74830 /* SwiftDemosTests.xctest */ = {isa = PBXFileReference; explicitFileType = wrapper.cfbundle; includeInIndex = 0; path = SwiftDemosTests.xctest; sourceTree = BUILT_PRODUCTS_DIR; };
		7D67A2832C1046AE00D74830 /* SwiftDemosTests.swift */ = {isa = PBXFileReference; lastKnownFileType = sourcecode.swift; path = SwiftDemosTests.swift; sourceTree = "<group>"; };
		7D67A2892C1046AE00D74830 /* SwiftDemosUITests.xctest */ = {isa = PBXFileReference; explicitFileType = wrapper.cfbundle; includeInIndex = 0; path = SwiftDemosUITests.xctest; sourceTree = BUILT_PRODUCTS_DIR; };
		7D67A28D2C1046AE00D74830 /* SwiftDemosUITests.swift */ = {isa = PBXFileReference; lastKnownFileType = sourcecode.swift; path = SwiftDemosUITests.swift; sourceTree = "<group>"; };
		7D67A28F2C1046AE00D74830 /* SwiftDemosUITestsLaunchTests.swift */ = {isa = PBXFileReference; lastKnownFileType = sourcecode.swift; path = SwiftDemosUITestsLaunchTests.swift; sourceTree = "<group>"; };
/* End PBXFileReference section */

/* Begin PBXFrameworksBuildPhase section */
		7D67A26C2C1046AC00D74830 /* Frameworks */ = {
			isa = PBXFrameworksBuildPhase;
			buildActionMask = 2147483647;
			files = (
			);
			runOnlyForDeploymentPostprocessing = 0;
		};
		7D67A27C2C1046AE00D74830 /* Frameworks */ = {
			isa = PBXFrameworksBuildPhase;
			buildActionMask = 2147483647;
			files = (
			);
			runOnlyForDeploymentPostprocessing = 0;
		};
		7D67A2862C1046AE00D74830 /* Frameworks */ = {
			isa = PBXFrameworksBuildPhase;
			buildActionMask = 2147483647;
			files = (
			);
			runOnlyForDeploymentPostprocessing = 0;
		};
/* End PBXFrameworksBuildPhase section */

/* Begin PBXGroup section */
		7D67A2662C1046AC00D74830 = {
			isa = PBXGroup;
			children = (
				7D67A2712C1046AC00D74830 /* SwiftDemos */,
				7D67A2822C1046AE00D74830 /* SwiftDemosTests */,
				7D67A28C2C1046AE00D74830 /* SwiftDemosUITests */,
				7D67A2702C1046AC00D74830 /* Products */,
			);
			sourceTree = "<group>";
		};
		7D67A2702C1046AC00D74830 /* Products */ = {
			isa = PBXGroup;
			children = (
				7D67A26F2C1046AC00D74830 /* SwiftDemos.app */,
				7D67A27F2C1046AE00D74830 /* SwiftDemosTests.xctest */,
				7D67A2892C1046AE00D74830 /* SwiftDemosUITests.xctest */,
			);
			name = Products;
			sourceTree = "<group>";
		};
		7D67A2712C1046AC00D74830 /* SwiftDemos */ = {
			isa = PBXGroup;
			children = (
				7D67A2722C1046AC00D74830 /* SwiftDemosApp.swift */,
				7D67A2742C1046AC00D74830 /* ContentView.swift */,
				7D67A2762C1046AD00D74830 /* Assets.xcassets */,
				7D67A2782C1046AD00D74830 /* Preview Content */,
			);
			path = SwiftDemos;
			sourceTree = "<group>";
		};
		7D67A2782C1046AD00D74830 /* Preview Content */ = {
			isa = PBXGroup;
			children = (
				7D67A2792C1046AD00D74830 /* Preview Assets.xcassets */,
			);
			path = "Preview Content";
			sourceTree = "<group>";
		};
		7D67A2822C1046AE00D74830 /* SwiftDemosTests */ = {
			isa = PBXGroup;
			children = (
				7D67A2832C1046AE00D74830 /* SwiftDemosTests.swift */,
			);
			path = SwiftDemosTests;
			sourceTree = "<group>";
		};
		7D67A28C2C1046AE00D74830 /* SwiftDemosUITests */ = {
			isa = PBXGroup;
			children = (
				7D67A28D2C1046AE00D74830 /* SwiftDemosUITests.swift */,
				7D67A28F2C1046AE00D74830 /* SwiftDemosUITestsLaunchTests.swift */,
			);
			path = SwiftDemosUITests;
			sourceTree = "<group>";
		};
/* End PBXGroup section */

/* Begin PBXNativeTarget section */
		7D67A26E2C1046AC00D74830 /* SwiftDemos */ = {
			isa = PBXNativeTarget;
			buildConfigurationList = 7D67A2932C1046AE00D74830 /* Build configuration list for PBXNativeTarget "SwiftDemos" */;
			buildPhases = (
				7D67A26B2C1046AC00D74830 /* Sources */,
				7D67A26C2C1046AC00D74830 /* Frameworks */,
				7D67A26D2C1046AC00D74830 /* Resources */,
			);
			buildRules = (
			);
			dependencies = (
			);
			name = SwiftDemos;
			productName = SwiftDemos;
			productReference = 7D67A26F2C1046AC00D74830 /* SwiftDemos.app */;
			productType = "com.apple.product-type.application";
		};
		7D67A27E2C1046AE00D74830 /* SwiftDemosTests */ = {
			isa = PBXNativeTarget;
			buildConfigurationList = 7D67A2962C1046AE00D74830 /* Build configuration list for PBXNativeTarget "SwiftDemosTests" */;
			buildPhases = (
				7D67A27B2C1046AE00D74830 /* Sources */,
				7D67A27C2C1046AE00D74830 /* Frameworks */,
				7D67A27D2C1046AE00D74830 /* Resources */,
			);
			buildRules = (
			);
			dependencies = (
				7D67A2812C1046AE00D74830 /* PBXTargetDependency */,
			);
			name = SwiftDemosTests;
			productName = SwiftDemosTests;
			productReference = 7D67A27F2C1046AE00D74830 /* SwiftDemosTests.xctest */;
			productType = "com.apple.product-type.bundle.unit-test";
		};
		7D67A2882C1046AE00D74830 /* SwiftDemosUITests */ = {
			isa = PBXNativeTarget;
			buildConfigurationList = 7D67A2992C1046AE00D74830 /* Build configuration list for PBXNativeTarget "SwiftDemosUITests" */;
			buildPhases = (
				7D67A2852C1046AE00D74830 /* Sources */,
				7D67A2862C1046AE00D74830 /* Frameworks */,
				7D67A2872C1046AE00D74830 /* Resources */,
			);
			buildRules = (
			);
			dependencies = (
				7D67A28B2C1046AE00D74830 /* PBXTargetDependency */,
			);
			name = SwiftDemosUITests;
			productName = SwiftDemosUITests;
			productReference = 7D67A2892C1046AE00D74830 /* SwiftDemosUITests.xctest */;
			productType = "com.apple.product-type.bundle.ui-testing";
		};
/* End PBXNativeTarget section */

/* Begin PBXProject section */
		7D67A2672C1046AC00D74830 /* Project object */ = {
			isa = PBXProject;
			attributes = {
				BuildIndependentTargetsInParallel = 1;
				LastSwiftUpdateCheck = 1540;
				LastUpgradeCheck = 1540;
				TargetAttributes = {
					7D67A26E2C1046AC00D74830 = {
						CreatedOnToolsVersion = 15.4;
					};
					7D67A27E2C1046AE00D74830 = {
						CreatedOnToolsVersion = 15.4;
						TestTargetID = 7D67A26E2C1046AC00D74830;
					};
					7D67A2882C1046AE00D74830 = {
						CreatedOnToolsVersion = 15.4;
						TestTargetID = 7D67A26E2C1046AC00D74830;
					};
				};
			};
			buildConfigurationList = 7D67A26A2C1046AC00D74830 /* Build configuration list for PBXProject "SwiftDemos" */;
			compatibilityVersion = "Xcode 14.0";
			developmentRegion = en;
			hasScannedForEncodings = 0;
			knownRegions = (
				en,
				Base,
			);
			mainGroup = 7D67A2662C1046AC00D74830;
			productRefGroup = 7D67A2702C1046AC00D74830 /* Products */;
			projectDirPath = "";
			projectRoot = "";
			targets = (
				7D67A26E2C1046AC00D74830 /* SwiftDemos */,
				7D67A27E2C1046AE00D74830 /* SwiftDemosTests */,
				7D67A2882C1046AE00D74830 /* SwiftDemosUITests */,
			);
		};
/* End PBXProject section */

/* Begin PBXResourcesBuildPhase section */
		7D67A26D2C1046AC00D74830 /* Resources */ = {
			isa = PBXResourcesBuildPhase;
			buildActionMask = 2147483647;
			files = (
				7D67A27A2C1046AD00D74830 /* Preview Assets.xcassets in Resources */,
				7D67A2772C1046AD00D74830 /* Assets.xcassets in Resources */,
			);
			runOnlyForDeploymentPostprocessing = 0;
		};
		7D67A27D2C1046AE00D74830 /* Resources */ = {
			isa = PBXResourcesBuildPhase;
			buildActionMask = 2147483647;
			files = (
			);
			runOnlyForDeploymentPostprocessing = 0;
		};
		7D67A2872C1046AE00D74830 /* Resources */ = {
			isa = PBXResourcesBuildPhase;
			buildActionMask = 2147483647;
			files = (
			);
			runOnlyForDeploymentPostprocessing = 0;
		};
/* End PBXResourcesBuildPhase section */

/* Begin PBXSourcesBuildPhase section */
		7D67A26B2C1046AC00D74830 /* Sources */ = {
			isa = PBXSourcesBuildPhase;
			buildActionMask = 2147483647;
			files = (
				7D67A2752C1046AC00D74830 /* ContentView.swift in Sources */,
				7D67A2732C1046AC00D74830 /* SwiftDemosApp.swift in Sources */,
			);
			runOnlyForDeploymentPostprocessing = 0;
		};
		7D67A27B2C1046AE00D74830 /* Sources */ = {
			isa = PBXSourcesBuildPhase;
			buildActionMask = 2147483647;
			files = (
				7D67A2842C1046AE00D74830 /* SwiftDemosTests.swift in Sources */,
			);
			runOnlyForDeploymentPostprocessing = 0;
		};
		7D67A2852C1046AE00D74830 /* Sources */ = {
			isa = PBXSourcesBuildPhase;
			buildActionMask = 2147483647;
			files = (
				7D67A28E2C1046AE00D74830 /* SwiftDemosUITests.swift in Sources */,
				7D67A2902C1046AE00D74830 /* SwiftDemosUITestsLaunchTests.swift in Sources */,
			);
			runOnlyForDeploymentPostprocessing = 0;
		};
/* End PBXSourcesBuildPhase section */

/* Begin PBXTargetDependency section */
		7D67A2812C1046AE00D74830 /* PBXTargetDependency */ = {
			isa = PBXTargetDependency;
			target = 7D67A26E2C1046AC00D74830 /* SwiftDemos */;
			targetProxy = 7D67A2802C1046AE00D74830 /* PBXContainerItemProxy */;
		};
		7D67A28B2C1046AE00D74830 /* PBXTargetDependency */ = {
			isa = PBXTargetDependency;
			target = 7D67A26E2C1046AC00D74830 /* SwiftDemos */;
			targetProxy = 7D67A28A2C1046AE00D74830 /* PBXContainerItemProxy */;
		};
/* End PBXTargetDependency section */

/* Begin XCBuildConfiguration section */
		7D67A2912C1046AE00D74830 /* Debug */ = {
			isa = XCBuildConfiguration;
			buildSettings = {
				ALWAYS_SEARCH_USER_PATHS = NO;
				ASSETCATALOG_COMPILER_GENERATE_SWIFT_ASSET_SYMBOL_EXTENSIONS = YES;
				CLANG_ANALYZER_NONNULL = YES;
				CLANG_ANALYZER_NUMBER_OBJECT_CONVERSION = YES_AGGRESSIVE;
				CLANG_CXX_LANGUAGE_STANDARD = "gnu++20";
				CLANG_ENABLE_MODULES = YES;
				CLANG_ENABLE_OBJC_ARC = YES;
				CLANG_ENABLE_OBJC_WEAK = YES;
				CLANG_WARN_BLOCK_CAPTURE_AUTORELEASING = YES;
				CLANG_WARN_BOOL_CONVERSION = YES;
				CLANG_WARN_COMMA = YES;
				CLANG_WARN_CONSTANT_CONVERSION = YES;
				CLANG_WARN_DEPRECATED_OBJC_IMPLEMENTATIONS = YES;
				CLANG_WARN_DIRECT_OBJC_ISA_USAGE = YES_ERROR;
				CLANG_WARN_DOCUMENTATION_COMMENTS = YES;
				CLANG_WARN_EMPTY_BODY = YES;
				CLANG_WARN_ENUM_CONVERSION = YES;
				CLANG_WARN_INFINITE_RECURSION = YES;
				CLANG_WARN_INT_CONVERSION = YES;
				CLANG_WARN_NON_LITERAL_NULL_CONVERSION = YES;
				CLANG_WARN_OBJC_IMPLICIT_RETAIN_SELF = YES;
				CLANG_WARN_OBJC_LITERAL_CONVERSION = YES;
				CLANG_WARN_OBJC_ROOT_CLASS = YES_ERROR;
				CLANG_WARN_QUOTED_INCLUDE_IN_FRAMEWORK_HEADER = YES;
				CLANG_WARN_RANGE_LOOP_ANALYSIS = YES;
				CLANG_WARN_STRICT_PROTOTYPES = YES;
				CLANG_WARN_SUSPICIOUS_MOVE = YES;
				CLANG_WARN_UNGUARDED_AVAILABILITY = YES_AGGRESSIVE;
				CLANG_WARN_UNREACHABLE_CODE = YES;
				CLANG_WARN__DUPLICATE_METHOD_MATCH = YES;
				COPY_PHASE_STRIP = NO;
				DEBUG_INFORMATION_FORMAT = dwarf;
				ENABLE_STRICT_OBJC_MSGSEND = YES;
				ENABLE_TESTABILITY = YES;
				ENABLE_USER_SCRIPT_SANDBOXING = YES;
				GCC_C_LANGUAGE_STANDARD = gnu17;
				GCC_DYNAMIC_NO_PIC = NO;
				GCC_NO_COMMON_BLOCKS = YES;
				GCC_OPTIMIZATION_LEVEL = 0;
				GCC_PREPROCESSOR_DEFINITIONS = (
					"DEBUG=1",
					"$(inherited)",
				);
				GCC_WARN_64_TO_32_BIT_CONVERSION = YES;
				GCC_WARN_ABOUT_RETURN_TYPE = YES_ERROR;
				GCC_WARN_UNDECLARED_SELECTOR = YES;
				GCC_WARN_UNINITIALIZED_AUTOS = YES_AGGRESSIVE;
				GCC_WARN_UNUSED_FUNCTION = YES;
				GCC_WARN_UNUSED_VARIABLE = YES;
				IPHONEOS_DEPLOYMENT_TARGET = 17.5;
				LOCALIZATION_PREFERS_STRING_CATALOGS = YES;
				MTL_ENABLE_DEBUG_INFO = INCLUDE_SOURCE;
				MTL_FAST_MATH = YES;
				ONLY_ACTIVE_ARCH = YES;
				SDKROOT = iphoneos;
				SWIFT_ACTIVE_COMPILATION_CONDITIONS = "DEBUG $(inherited)";
				SWIFT_OPTIMIZATION_LEVEL = "-Onone";
			};
			name = Debug;
		};
		7D67A2922C1046AE00D74830 /* Release */ = {
			isa = XCBuildConfiguration;
			buildSettings = {
				ALWAYS_SEARCH_USER_PATHS = NO;
				ASSETCATALOG_COMPILER_GENERATE_SWIFT_ASSET_SYMBOL_EXTENSIONS = YES;
				CLANG_ANALYZER_NONNULL = YES;
				CLANG_ANALYZER_NUMBER_OBJECT_CONVERSION = YES_AGGRESSIVE;
				CLANG_CXX_LANGUAGE_STANDARD = "gnu++20";
				CLANG_ENABLE_MODULES = YES;
				CLANG_ENABLE_OBJC_ARC = YES;
				CLANG_ENABLE_OBJC_WEAK = YES;
				CLANG_WARN_BLOCK_CAPTURE_AUTORELEASING = YES;
				CLANG_WARN_BOOL_CONVERSION = YES;
				CLANG_WARN_COMMA = YES;
				CLANG_WARN_CONSTANT_CONVERSION = YES;
				CLANG_WARN_DEPRECATED_OBJC_IMPLEMENTATIONS = YES;
				CLANG_WARN_DIRECT_OBJC_ISA_USAGE = YES_ERROR;
				CLANG_WARN_DOCUMENTATION_COMMENTS = YES;
				CLANG_WARN_EMPTY_BODY = YES;
				CLANG_WARN_ENUM_CONVERSION = YES;
				CLANG_WARN_INFINITE_RECURSION = YES;
				CLANG_WARN_INT_CONVERSION = YES;
				CLANG_WARN_NON_LITERAL_NULL_CONVERSION = YES;
				CLANG_WARN_OBJC_IMPLICIT_RETAIN_SELF = YES;
				CLANG_WARN_OBJC_LITERAL_CONVERSION = YES;
				CLANG_WARN_OBJC_ROOT_CLASS = YES_ERROR;
				CLANG_WARN_QUOTED_INCLUDE_IN_FRAMEWORK_HEADER = YES;
				CLANG_WARN_RANGE_LOOP_ANALYSIS = YES;
				CLANG_WARN_STRICT_PROTOTYPES = YES;
				CLANG_WARN_SUSPICIOUS_MOVE = YES;
				CLANG_WARN_UNGUARDED_AVAILABILITY = YES_AGGRESSIVE;
				CLANG_WARN_UNREACHABLE_CODE = YES;
				CLANG_WARN__DUPLICATE_METHOD_MATCH = YES;
				COPY_PHASE_STRIP = NO;
				DEBUG_INFORMATION_FORMAT = "dwarf-with-dsym";
				ENABLE_NS_ASSERTIONS = NO;
				ENABLE_STRICT_OBJC_MSGSEND = YES;
				ENABLE_USER_SCRIPT_SANDBOXING = YES;
				GCC_C_LANGUAGE_STANDARD = gnu17;
				GCC_NO_COMMON_BLOCKS = YES;
				GCC_WARN_64_TO_32_BIT_CONVERSION = YES;
				GCC_WARN_ABOUT_RETURN_TYPE = YES_ERROR;
				GCC_WARN_UNDECLARED_SELECTOR = YES;
				GCC_WARN_UNINITIALIZED_AUTOS = YES_AGGRESSIVE;
				GCC_WARN_UNUSED_FUNCTION = YES;
				GCC_WARN_UNUSED_VARIABLE = YES;
				IPHONEOS_DEPLOYMENT_TARGET = 17.5;
				LOCALIZATION_PREFERS_STRING_CATALOGS = YES;
				MTL_ENABLE_DEBUG_INFO = NO;
				MTL_FAST_MATH = YES;
				SDKROOT = iphoneos;
				SWIFT_COMPILATION_MODE = wholemodule;
				VALIDATE_PRODUCT = YES;
			};
			name = Release;
		};
		7D67A2942C1046AE00D74830 /* Debug */ = {
			isa = XCBuildConfiguration;
			buildSettings = {
				ASSETCATALOG_COMPILER_APPICON_NAME = AppIcon;
				ASSETCATALOG_COMPILER_GLOBAL_ACCENT_COLOR_NAME = AccentColor;
				CODE_SIGN_STYLE = Automatic;
				CURRENT_PROJECT_VERSION = 1;
				DEVELOPMENT_ASSET_PATHS = "\"SwiftDemos/Preview Content\"";
				DEVELOPMENT_TEAM = 27YZKU4MRD;
				ENABLE_PREVIEWS = YES;
				GENERATE_INFOPLIST_FILE = YES;
				INFOPLIST_KEY_UIApplicationSceneManifest_Generation = YES;
				INFOPLIST_KEY_UIApplicationSupportsIndirectInputEvents = YES;
				INFOPLIST_KEY_UILaunchScreen_Generation = YES;
				INFOPLIST_KEY_UISupportedInterfaceOrientations_iPad = "UIInterfaceOrientationPortrait UIInterfaceOrientationPortraitUpsideDown UIInterfaceOrientationLandscapeLeft UIInterfaceOrientationLandscapeRight";
				INFOPLIST_KEY_UISupportedInterfaceOrientations_iPhone = "UIInterfaceOrientationPortrait UIInterfaceOrientationLandscapeLeft UIInterfaceOrientationLandscapeRight";
				LD_RUNPATH_SEARCH_PATHS = (
					"$(inherited)",
					"@executable_path/Frameworks",
				);
				MARKETING_VERSION = 1.0;
				PRODUCT_BUNDLE_IDENTIFIER = cn.bossfly.SwiftDemos;
				PRODUCT_NAME = "$(TARGET_NAME)";
				SWIFT_EMIT_LOC_STRINGS = YES;
				SWIFT_VERSION = 5.0;
				TARGETED_DEVICE_FAMILY = "1,2";
			};
			name = Debug;
		};
		7D67A2952C1046AE00D74830 /* Release */ = {
			isa = XCBuildConfiguration;
			buildSettings = {
				ASSETCATALOG_COMPILER_APPICON_NAME = AppIcon;
				ASSETCATALOG_COMPILER_GLOBAL_ACCENT_COLOR_NAME = AccentColor;
				CODE_SIGN_STYLE = Automatic;
				CURRENT_PROJECT_VERSION = 1;
				DEVELOPMENT_ASSET_PATHS = "\"SwiftDemos/Preview Content\"";
				DEVELOPMENT_TEAM = 27YZKU4MRD;
				ENABLE_PREVIEWS = YES;
				GENERATE_INFOPLIST_FILE = YES;
				INFOPLIST_KEY_UIApplicationSceneManifest_Generation = YES;
				INFOPLIST_KEY_UIApplicationSupportsIndirectInputEvents = YES;
				INFOPLIST_KEY_UILaunchScreen_Generation = YES;
				INFOPLIST_KEY_UISupportedInterfaceOrientations_iPad = "UIInterfaceOrientationPortrait UIInterfaceOrientationPortraitUpsideDown UIInterfaceOrientationLandscapeLeft UIInterfaceOrientationLandscapeRight";
				INFOPLIST_KEY_UISupportedInterfaceOrientations_iPhone = "UIInterfaceOrientationPortrait UIInterfaceOrientationLandscapeLeft UIInterfaceOrientationLandscapeRight";
				LD_RUNPATH_SEARCH_PATHS = (
					"$(inherited)",
					"@executable_path/Frameworks",
				);
				MARKETING_VERSION = 1.0;
				PRODUCT_BUNDLE_IDENTIFIER = cn.bossfly.SwiftDemos;
				PRODUCT_NAME = "$(TARGET_NAME)";
				SWIFT_EMIT_LOC_STRINGS = YES;
				SWIFT_VERSION = 5.0;
				TARGETED_DEVICE_FAMILY = "1,2";
			};
			name = Release;
		};
		7D67A2972C1046AE00D74830 /* Debug */ = {
			isa = XCBuildConfiguration;
			buildSettings = {
				ALWAYS_EMBED_SWIFT_STANDARD_LIBRARIES = YES;
				BUNDLE_LOADER = "$(TEST_HOST)";
				CODE_SIGN_STYLE = Automatic;
				CURRENT_PROJECT_VERSION = 1;
				DEVELOPMENT_TEAM = 27YZKU4MRD;
				GENERATE_INFOPLIST_FILE = YES;
				IPHONEOS_DEPLOYMENT_TARGET = 17.5;
				MARKETING_VERSION = 1.0;
				PRODUCT_BUNDLE_IDENTIFIER = cn.bossfly.SwiftDemosTests;
				PRODUCT_NAME = "$(TARGET_NAME)";
				SWIFT_EMIT_LOC_STRINGS = NO;
				SWIFT_VERSION = 5.0;
				TARGETED_DEVICE_FAMILY = "1,2";
				TEST_HOST = "$(BUILT_PRODUCTS_DIR)/SwiftDemos.app/$(BUNDLE_EXECUTABLE_FOLDER_PATH)/SwiftDemos";
			};
			name = Debug;
		};
		7D67A2982C1046AE00D74830 /* Release */ = {
			isa = XCBuildConfiguration;
			buildSettings = {
				ALWAYS_EMBED_SWIFT_STANDARD_LIBRARIES = YES;
				BUNDLE_LOADER = "$(TEST_HOST)";
				CODE_SIGN_STYLE = Automatic;
				CURRENT_PROJECT_VERSION = 1;
				DEVELOPMENT_TEAM = 27YZKU4MRD;
				GENERATE_INFOPLIST_FILE = YES;
				IPHONEOS_DEPLOYMENT_TARGET = 17.5;
				MARKETING_VERSION = 1.0;
				PRODUCT_BUNDLE_IDENTIFIER = cn.bossfly.SwiftDemosTests;
				PRODUCT_NAME = "$(TARGET_NAME)";
				SWIFT_EMIT_LOC_STRINGS = NO;
				SWIFT_VERSION = 5.0;
				TARGETED_DEVICE_FAMILY = "1,2";
				TEST_HOST = "$(BUILT_PRODUCTS_DIR)/SwiftDemos.app/$(BUNDLE_EXECUTABLE_FOLDER_PATH)/SwiftDemos";
			};
			name = Release;
		};
		7D67A29A2C1046AE00D74830 /* Debug */ = {
			isa = XCBuildConfiguration;
			buildSettings = {
				ALWAYS_EMBED_SWIFT_STANDARD_LIBRARIES = YES;
				CODE_SIGN_STYLE = Automatic;
				CURRENT_PROJECT_VERSION = 1;
				DEVELOPMENT_TEAM = 27YZKU4MRD;
				GENERATE_INFOPLIST_FILE = YES;
				MARKETING_VERSION = 1.0;
				PRODUCT_BUNDLE_IDENTIFIER = cn.bossfly.SwiftDemosUITests;
				PRODUCT_NAME = "$(TARGET_NAME)";
				SWIFT_EMIT_LOC_STRINGS = NO;
				SWIFT_VERSION = 5.0;
				TARGETED_DEVICE_FAMILY = "1,2";
				TEST_TARGET_NAME = SwiftDemos;
			};
			name = Debug;
		};
		7D67A29B2C1046AE00D74830 /* Release */ = {
			isa = XCBuildConfiguration;
			buildSettings = {
				ALWAYS_EMBED_SWIFT_STANDARD_LIBRARIES = YES;
				CODE_SIGN_STYLE = Automatic;
				CURRENT_PROJECT_VERSION = 1;
				DEVELOPMENT_TEAM = 27YZKU4MRD;
				GENERATE_INFOPLIST_FILE = YES;
				MARKETING_VERSION = 1.0;
				PRODUCT_BUNDLE_IDENTIFIER = cn.bossfly.SwiftDemosUITests;
				PRODUCT_NAME = "$(TARGET_NAME)";
				SWIFT_EMIT_LOC_STRINGS = NO;
				SWIFT_VERSION = 5.0;
				TARGETED_DEVICE_FAMILY = "1,2";
				TEST_TARGET_NAME = SwiftDemos;
			};
			name = Release;
		};
/* End XCBuildConfiguration section */

/* Begin XCConfigurationList section */
		7D67A26A2C1046AC00D74830 /* Build configuration list for PBXProject "SwiftDemos" */ = {
			isa = XCConfigurationList;
			buildConfigurations = (
				7D67A2912C1046AE00D74830 /* Debug */,
				7D67A2922C1046AE00D74830 /* Release */,
			);
			defaultConfigurationIsVisible = 0;
			defaultConfigurationName = Release;
		};
		7D67A2932C1046AE00D74830 /* Build configuration list for PBXNativeTarget "SwiftDemos" */ = {
			isa = XCConfigurationList;
			buildConfigurations = (
				7D67A2942C1046AE00D74830 /* Debug */,
				7D67A2952C1046AE00D74830 /* Release */,
			);
			defaultConfigurationIsVisible = 0;
			defaultConfigurationName = Release;
		};
		7D67A2962C1046AE00D74830 /* Build configuration list for PBXNativeTarget "SwiftDemosTests" */ = {
			isa = XCConfigurationList;
			buildConfigurations = (
				7D67A2972C1046AE00D74830 /* Debug */,
				7D67A2982C1046AE00D74830 /* Release */,
			);
			defaultConfigurationIsVisible = 0;
			defaultConfigurationName = Release;
		};
		7D67A2992C1046AE00D74830 /* Build configuration list for PBXNativeTarget "SwiftDemosUITests" */ = {
			isa = XCConfigurationList;
			buildConfigurations = (
				7D67A29A2C1046AE00D74830 /* Debug */,
				7D67A29B2C1046AE00D74830 /* Release */,
			);
			defaultConfigurationIsVisible = 0;
			defaultConfigurationName = Release;
		};
/* End XCConfigurationList section */
	};
	rootObject = 7D67A2672C1046AC00D74830 /* Project object */;
}
